
Microsoft Visual Studio Solution File, Format Version 12.00
# Visual Studio Version 16
VisualStudioVersion = 16.0.30114.105
MinimumVisualStudioVersion = 10.0.40219.1
Project("{FAE04EC0-301F-11D3-BF4B-00C04F79EFBC}") = "Day 01 Solver", "Day 01 Solver\Day 01 Solver.csproj", "{0672EFC0-3658-46FD-805D-B4E357A438EA}"
EndProject
Project("{FAE04EC0-301F-11D3-BF4B-00C04F79EFBC}") = "Day 02 Solver", "Day 02 Solver\Day 02 Solver.csproj", "{024D1103-C389-4831-B13F-4569F145D537}"
EndProject
Project("{FAE04EC0-301F-11D3-BF4B-00C04F79EFBC}") = "Day 03 Solver", "Day 03 Solver\Day 03 Solver.csproj", "{B90D1EB3-2295-4059-BC0C-DE0B5F268A22}"
EndProject
Project("{FAE04EC0-301F-11D3-BF4B-00C04F79EFBC}") = "Day 04 Solver", "Day 04 Solver\Day 04 Solver.csproj", "{3F5E4D9E-0EE1-4C66-A700-840E11B7CA7C}"
EndProject
Project("{FAE04EC0-301F-11D3-BF4B-00C04F79EFBC}") = "Day 05 Solver", "Day 05 Solver\Day 05 Solver.csproj", "{489E55B9-3DBA-444D-8739-B73CD746DA90}"
EndProject
Project("{FAE04EC0-301F-11D3-BF4B-00C04F79EFBC}") = "Day 06 Solver", "Day 06 Solver\Day 06 Solver.csproj", "{20A76B78-B822-4836-9C80-878F2A702263}"
EndProject
Project("{FAE04EC0-301F-11D3-BF4B-00C04F79EFBC}") = "Day 07 Solver", "Day 07 Solver\Day 07 Solver.csproj", "{644AEE42-F8F3-4286-BAAF-347AF38C02F1}"
EndProject
Project("{FAE04EC0-301F-11D3-BF4B-00C04F79EFBC}") = "Day 08 Solver", "Day 08 Solver\Day 08 Solver.csproj", "{D9487A36-6404-4FC9-8F56-8AA9C7488F5F}"
EndProject
Project("{FAE04EC0-301F-11D3-BF4B-00C04F79EFBC}") = "Day 09 Solver", "Day 09 Solver\Day 09 Solver.csproj", "{C7634528-99CA-47D7-B6DA-4EC4119F56E4}"
EndProject
Project("{FAE04EC0-301F-11D3-BF4B-00C04F79EFBC}") = "Day 10 Solver", "Day 10 Solver\Day 10 Solver.csproj", "{9443DB84-952B-4078-9337-8BE32DCEECC8}"
EndProject
Project("{FAE04EC0-301F-11D3-BF4B-00C04F79EFBC}") = "Day 11 Solver", "Day 11 Solver\Day 11 Solver.csproj", "{75B20681-1323-4E76-A789-68E034011C65}"
EndProject
Project("{FAE04EC0-301F-11D3-BF4B-00C04F79EFBC}") = "Day 12 Solver", "Day 12 Solver\Day 12 Solver.csproj", "{24D8DF6D-7131-4C31-A9C0-733411288250}"
EndProject
Project("{FAE04EC0-301F-11D3-BF4B-00C04F79EFBC}") = "Day 13 Solver", "Day 13 Solver\Day 13 Solver.csproj", "{348EEA96-FB30-45D5-A262-8C35B26C24CA}"
EndProject
Project("{FAE04EC0-301F-11D3-BF4B-00C04F79EFBC}") = "Day 14 Solver", "Day 14 Solver\Day 14 Solver.csproj", "{3AF63292-319C-44A6-8947-22867CBDCCFE}"
EndProject
Project("{FAE04EC0-301F-11D3-BF4B-00C04F79EFBC}") = "Day 15 Solver", "Day 15 Solver\Day 15 Solver.csproj", "{5E2C1532-11A8-4B3D-A62F-0353D0176F78}"
EndProject
Project("{FAE04EC0-301F-11D3-BF4B-00C04F79EFBC}") = "Day 16 Solver", "Day 16 Solver\Day 16 Solver.csproj", "{6A1F427A-69D7-492A-9553-F08FFDE788A3}"
EndProject
Project("{FAE04EC0-301F-11D3-BF4B-00C04F79EFBC}") = "Day 17 Solver", "Day 17 Solver\Day 17 Solver.csproj", "{CF468BAF-AD20-4715-967F-7D9D94A827B5}"
EndProject
Project("{FAE04EC0-301F-11D3-BF4B-00C04F79EFBC}") = "Day 18 Solver", "Day 18 Solver\Day 18 Solver.csproj", "{9B402CE0-508D-4748-A4EE-1DD5D48D04C6}"
EndProject
Project("{FAE04EC0-301F-11D3-BF4B-00C04F79EFBC}") = "Day 19 Solver", "Day 19 Solver\Day 19 Solver.csproj", "{6328945F-7BCD-44DB-BE56-B4144FF52F96}"
EndProject
Project("{FAE04EC0-301F-11D3-BF4B-00C04F79EFBC}") = "Day 20 Solver", "Day 20 Solver\Day 20 Solver.csproj", "{4958B9EF-23B5-44F7-93B3-838CA4A6D105}"
EndProject
Project("{FAE04EC0-301F-11D3-BF4B-00C04F79EFBC}") = "Day 21 Solver", "Day 21 Solver\Day 21 Solver.csproj", "{1C821C91-1D19-494C-97EA-98D03FF15E13}"
EndProject
Project("{FAE04EC0-301F-11D3-BF4B-00C04F79EFBC}") = "Day 22 Solver", "Day 22 Solver\Day 22 Solver.csproj", "{86EF1FC9-5CE3-47D0-9E71-1C31EADAE6F2}"
EndProject
Project("{FAE04EC0-301F-11D3-BF4B-00C04F79EFBC}") = "Day 23 Solver", "Day 23 Solver\Day 23 Solver.csproj", "{AA2D32ED-D6A9-496A-B3A4-59B4A43CB5AA}"
EndProject
Project("{FAE04EC0-301F-11D3-BF4B-00C04F79EFBC}") = "Day 24 Solver", "Day 24 Solver\Day 24 Solver.csproj", "{033BE48E-20CC-4761-B404-71068F1D1D78}"
EndProject
Project("{FAE04EC0-301F-11D3-BF4B-00C04F79EFBC}") = "Day 25 Solver", "Day 25 Solver\Day 25 Solver.csproj", "{0C21920E-30A7-4F3F-AAB1-750D6CD01B4F}"
EndProject
Project("{FAE04EC0-301F-11D3-BF4B-00C04F79EFBC}") = "AdventOfCode.Tests", "AdventOfCode.Tests\AdventOfCode.Tests.csproj", "{E1CE9478-0DF2-4A7B-A689-A4F699C910DB}"
EndProject
Global
	GlobalSection(SolutionConfigurationPlatforms) = preSolution
		Debug|Any CPU = Debug|Any CPU
		Debug|x64 = Debug|x64
		Debug|x86 = Debug|x86
		Release|Any CPU = Release|Any CPU
		Release|x64 = Release|x64
		Release|x86 = Release|x86
	EndGlobalSection
	GlobalSection(SolutionProperties) = preSolution
		HideSolutionNode = FALSE
	EndGlobalSection
	GlobalSection(ProjectConfigurationPlatforms) = postSolution
		{0672EFC0-3658-46FD-805D-B4E357A438EA}.Debug|Any CPU.ActiveCfg = Debug|Any CPU
		{0672EFC0-3658-46FD-805D-B4E357A438EA}.Debug|Any CPU.Build.0 = Debug|Any CPU
		{0672EFC0-3658-46FD-805D-B4E357A438EA}.Debug|x64.ActiveCfg = Debug|Any CPU
		{0672EFC0-3658-46FD-805D-B4E357A438EA}.Debug|x64.Build.0 = Debug|Any CPU
		{0672EFC0-3658-46FD-805D-B4E357A438EA}.Debug|x86.ActiveCfg = Debug|Any CPU
		{0672EFC0-3658-46FD-805D-B4E357A438EA}.Debug|x86.Build.0 = Debug|Any CPU
		{0672EFC0-3658-46FD-805D-B4E357A438EA}.Release|Any CPU.ActiveCfg = Release|Any CPU
		{0672EFC0-3658-46FD-805D-B4E357A438EA}.Release|Any CPU.Build.0 = Release|Any CPU
		{0672EFC0-3658-46FD-805D-B4E357A438EA}.Release|x64.ActiveCfg = Release|Any CPU
		{0672EFC0-3658-46FD-805D-B4E357A438EA}.Release|x64.Build.0 = Release|Any CPU
		{0672EFC0-3658-46FD-805D-B4E357A438EA}.Release|x86.ActiveCfg = Release|Any CPU
		{0672EFC0-3658-46FD-805D-B4E357A438EA}.Release|x86.Build.0 = Release|Any CPU
		{024D1103-C389-4831-B13F-4569F145D537}.Debug|Any CPU.ActiveCfg = Debug|Any CPU
		{024D1103-C389-4831-B13F-4569F145D537}.Debug|Any CPU.Build.0 = Debug|Any CPU
		{024D1103-C389-4831-B13F-4569F145D537}.Debug|x64.ActiveCfg = Debug|Any CPU
		{024D1103-C389-4831-B13F-4569F145D537}.Debug|x64.Build.0 = Debug|Any CPU
		{024D1103-C389-4831-B13F-4569F145D537}.Debug|x86.ActiveCfg = Debug|Any CPU
		{024D1103-C389-4831-B13F-4569F145D537}.Debug|x86.Build.0 = Debug|Any CPU
		{024D1103-C389-4831-B13F-4569F145D537}.Release|Any CPU.ActiveCfg = Release|Any CPU
		{024D1103-C389-4831-B13F-4569F145D537}.Release|Any CPU.Build.0 = Release|Any CPU
		{024D1103-C389-4831-B13F-4569F145D537}.Release|x64.ActiveCfg = Release|Any CPU
		{024D1103-C389-4831-B13F-4569F145D537}.Release|x64.Build.0 = Release|Any CPU
		{024D1103-C389-4831-B13F-4569F145D537}.Release|x86.ActiveCfg = Release|Any CPU
		{024D1103-C389-4831-B13F-4569F145D537}.Release|x86.Build.0 = Release|Any CPU
		{B90D1EB3-2295-4059-BC0C-DE0B5F268A22}.Debug|Any CPU.ActiveCfg = Debug|Any CPU
		{B90D1EB3-2295-4059-BC0C-DE0B5F268A22}.Debug|Any CPU.Build.0 = Debug|Any CPU
		{B90D1EB3-2295-4059-BC0C-DE0B5F268A22}.Debug|x64.ActiveCfg = Debug|Any CPU
		{B90D1EB3-2295-4059-BC0C-DE0B5F268A22}.Debug|x64.Build.0 = Debug|Any CPU
		{B90D1EB3-2295-4059-BC0C-DE0B5F268A22}.Debug|x86.ActiveCfg = Debug|Any CPU
		{B90D1EB3-2295-4059-BC0C-DE0B5F268A22}.Debug|x86.Build.0 = Debug|Any CPU
		{B90D1EB3-2295-4059-BC0C-DE0B5F268A22}.Release|Any CPU.ActiveCfg = Release|Any CPU
		{B90D1EB3-2295-4059-BC0C-DE0B5F268A22}.Release|Any CPU.Build.0 = Release|Any CPU
		{B90D1EB3-2295-4059-BC0C-DE0B5F268A22}.Release|x64.ActiveCfg = Release|Any CPU
		{B90D1EB3-2295-4059-BC0C-DE0B5F268A22}.Release|x64.Build.0 = Release|Any CPU
		{B90D1EB3-2295-4059-BC0C-DE0B5F268A22}.Release|x86.ActiveCfg = Release|Any CPU
		{B90D1EB3-2295-4059-BC0C-DE0B5F268A22}.Release|x86.Build.0 = Release|Any CPU
		{3F5E4D9E-0EE1-4C66-A700-840E11B7CA7C}.Debug|Any CPU.ActiveCfg = Debug|Any CPU
		{3F5E4D9E-0EE1-4C66-A700-840E11B7CA7C}.Debug|Any CPU.Build.0 = Debug|Any CPU
		{3F5E4D9E-0EE1-4C66-A700-840E11B7CA7C}.Debug|x64.ActiveCfg = Debug|Any CPU
		{3F5E4D9E-0EE1-4C66-A700-840E11B7CA7C}.Debug|x64.Build.0 = Debug|Any CPU
		{3F5E4D9E-0EE1-4C66-A700-840E11B7CA7C}.Debug|x86.ActiveCfg = Debug|Any CPU
		{3F5E4D9E-0EE1-4C66-A700-840E11B7CA7C}.Debug|x86.Build.0 = Debug|Any CPU
		{3F5E4D9E-0EE1-4C66-A700-840E11B7CA7C}.Release|Any CPU.ActiveCfg = Release|Any CPU
		{3F5E4D9E-0EE1-4C66-A700-840E11B7CA7C}.Release|Any CPU.Build.0 = Release|Any CPU
		{3F5E4D9E-0EE1-4C66-A700-840E11B7CA7C}.Release|x64.ActiveCfg = Release|Any CPU
		{3F5E4D9E-0EE1-4C66-A700-840E11B7CA7C}.Release|x64.Build.0 = Release|Any CPU
		{3F5E4D9E-0EE1-4C66-A700-840E11B7CA7C}.Release|x86.ActiveCfg = Release|Any CPU
		{3F5E4D9E-0EE1-4C66-A700-840E11B7CA7C}.Release|x86.Build.0 = Release|Any CPU
		{489E55B9-3DBA-444D-8739-B73CD746DA90}.Debug|Any CPU.ActiveCfg = Debug|Any CPU
		{489E55B9-3DBA-444D-8739-B73CD746DA90}.Debug|Any CPU.Build.0 = Debug|Any CPU
		{489E55B9-3DBA-444D-8739-B73CD746DA90}.Debug|x64.ActiveCfg = Debug|Any CPU
		{489E55B9-3DBA-444D-8739-B73CD746DA90}.Debug|x64.Build.0 = Debug|Any CPU
		{489E55B9-3DBA-444D-8739-B73CD746DA90}.Debug|x86.ActiveCfg = Debug|Any CPU
		{489E55B9-3DBA-444D-8739-B73CD746DA90}.Debug|x86.Build.0 = Debug|Any CPU
		{489E55B9-3DBA-444D-8739-B73CD746DA90}.Release|Any CPU.ActiveCfg = Release|Any CPU
		{489E55B9-3DBA-444D-8739-B73CD746DA90}.Release|Any CPU.Build.0 = Release|Any CPU
		{489E55B9-3DBA-444D-8739-B73CD746DA90}.Release|x64.ActiveCfg = Release|Any CPU
		{489E55B9-3DBA-444D-8739-B73CD746DA90}.Release|x64.Build.0 = Release|Any CPU
		{489E55B9-3DBA-444D-8739-B73CD746DA90}.Release|x86.ActiveCfg = Release|Any CPU
		{489E55B9-3DBA-444D-8739-B73CD746DA90}.Release|x86.Build.0 = Release|Any CPU
		{20A76B78-B822-4836-9C80-878F2A702263}.Debug|Any CPU.ActiveCfg = Debug|Any CPU
		{20A76B78-B822-4836-9C80-878F2A702263}.Debug|Any CPU.Build.0 = Debug|Any CPU
		{20A76B78-B822-4836-9C80-878F2A702263}.Debug|x64.ActiveCfg = Debug|Any CPU
		{20A76B78-B822-4836-9C80-878F2A702263}.Debug|x64.Build.0 = Debug|Any CPU
		{20A76B78-B822-4836-9C80-878F2A702263}.Debug|x86.ActiveCfg = Debug|Any CPU
		{20A76B78-B822-4836-9C80-878F2A702263}.Debug|x86.Build.0 = Debug|Any CPU
		{20A76B78-B822-4836-9C80-878F2A702263}.Release|Any CPU.ActiveCfg = Release|Any CPU
		{20A76B78-B822-4836-9C80-878F2A702263}.Release|Any CPU.Build.0 = Release|Any CPU
		{20A76B78-B822-4836-9C80-878F2A702263}.Release|x64.ActiveCfg = Release|Any CPU
		{20A76B78-B822-4836-9C80-878F2A702263}.Release|x64.Build.0 = Release|Any CPU
		{20A76B78-B822-4836-9C80-878F2A702263}.Release|x86.ActiveCfg = Release|Any CPU
		{20A76B78-B822-4836-9C80-878F2A702263}.Release|x86.Build.0 = Release|Any CPU
		{644AEE42-F8F3-4286-BAAF-347AF38C02F1}.Debug|Any CPU.ActiveCfg = Debug|Any CPU
		{644AEE42-F8F3-4286-BAAF-347AF38C02F1}.Debug|Any CPU.Build.0 = Debug|Any CPU
		{644AEE42-F8F3-4286-BAAF-347AF38C02F1}.Debug|x64.ActiveCfg = Debug|Any CPU
		{644AEE42-F8F3-4286-BAAF-347AF38C02F1}.Debug|x64.Build.0 = Debug|Any CPU
		{644AEE42-F8F3-4286-BAAF-347AF38C02F1}.Debug|x86.ActiveCfg = Debug|Any CPU
		{644AEE42-F8F3-4286-BAAF-347AF38C02F1}.Debug|x86.Build.0 = Debug|Any CPU
		{644AEE42-F8F3-4286-BAAF-347AF38C02F1}.Release|Any CPU.ActiveCfg = Release|Any CPU
		{644AEE42-F8F3-4286-BAAF-347AF38C02F1}.Release|Any CPU.Build.0 = Release|Any CPU
		{644AEE42-F8F3-4286-BAAF-347AF38C02F1}.Release|x64.ActiveCfg = Release|Any CPU
		{644AEE42-F8F3-4286-BAAF-347AF38C02F1}.Release|x64.Build.0 = Release|Any CPU
		{644AEE42-F8F3-4286-BAAF-347AF38C02F1}.Release|x86.ActiveCfg = Release|Any CPU
		{644AEE42-F8F3-4286-BAAF-347AF38C02F1}.Release|x86.Build.0 = Release|Any CPU
		{D9487A36-6404-4FC9-8F56-8AA9C7488F5F}.Debug|Any CPU.ActiveCfg = Debug|Any CPU
		{D9487A36-6404-4FC9-8F56-8AA9C7488F5F}.Debug|Any CPU.Build.0 = Debug|Any CPU
		{D9487A36-6404-4FC9-8F56-8AA9C7488F5F}.Debug|x64.ActiveCfg = Debug|Any CPU
		{D9487A36-6404-4FC9-8F56-8AA9C7488F5F}.Debug|x64.Build.0 = Debug|Any CPU
		{D9487A36-6404-4FC9-8F56-8AA9C7488F5F}.Debug|x86.ActiveCfg = Debug|Any CPU
		{D9487A36-6404-4FC9-8F56-8AA9C7488F5F}.Debug|x86.Build.0 = Debug|Any CPU
		{D9487A36-6404-4FC9-8F56-8AA9C7488F5F}.Release|Any CPU.ActiveCfg = Release|Any CPU
		{D9487A36-6404-4FC9-8F56-8AA9C7488F5F}.Release|Any CPU.Build.0 = Release|Any CPU
		{D9487A36-6404-4FC9-8F56-8AA9C7488F5F}.Release|x64.ActiveCfg = Release|Any CPU
		{D9487A36-6404-4FC9-8F56-8AA9C7488F5F}.Release|x64.Build.0 = Release|Any CPU
		{D9487A36-6404-4FC9-8F56-8AA9C7488F5F}.Release|x86.ActiveCfg = Release|Any CPU
		{D9487A36-6404-4FC9-8F56-8AA9C7488F5F}.Release|x86.Build.0 = Release|Any CPU
		{C7634528-99CA-47D7-B6DA-4EC4119F56E4}.Debug|Any CPU.ActiveCfg = Debug|Any CPU
		{C7634528-99CA-47D7-B6DA-4EC4119F56E4}.Debug|Any CPU.Build.0 = Debug|Any CPU
		{C7634528-99CA-47D7-B6DA-4EC4119F56E4}.Debug|x64.ActiveCfg = Debug|Any CPU
		{C7634528-99CA-47D7-B6DA-4EC4119F56E4}.Debug|x64.Build.0 = Debug|Any CPU
		{C7634528-99CA-47D7-B6DA-4EC4119F56E4}.Debug|x86.ActiveCfg = Debug|Any CPU
		{C7634528-99CA-47D7-B6DA-4EC4119F56E4}.Debug|x86.Build.0 = Debug|Any CPU
		{C7634528-99CA-47D7-B6DA-4EC4119F56E4}.Release|Any CPU.ActiveCfg = Release|Any CPU
		{C7634528-99CA-47D7-B6DA-4EC4119F56E4}.Release|Any CPU.Build.0 = Release|Any CPU
		{C7634528-99CA-47D7-B6DA-4EC4119F56E4}.Release|x64.ActiveCfg = Release|Any CPU
		{C7634528-99CA-47D7-B6DA-4EC4119F56E4}.Release|x64.Build.0 = Release|Any CPU
		{C7634528-99CA-47D7-B6DA-4EC4119F56E4}.Release|x86.ActiveCfg = Release|Any CPU
		{C7634528-99CA-47D7-B6DA-4EC4119F56E4}.Release|x86.Build.0 = Release|Any CPU
		{9443DB84-952B-4078-9337-8BE32DCEECC8}.Debug|Any CPU.ActiveCfg = Debug|Any CPU
		{9443DB84-952B-4078-9337-8BE32DCEECC8}.Debug|Any CPU.Build.0 = Debug|Any CPU
		{9443DB84-952B-4078-9337-8BE32DCEECC8}.Debug|x64.ActiveCfg = Debug|Any CPU
		{9443DB84-952B-4078-9337-8BE32DCEECC8}.Debug|x64.Build.0 = Debug|Any CPU
		{9443DB84-952B-4078-9337-8BE32DCEECC8}.Debug|x86.ActiveCfg = Debug|Any CPU
		{9443DB84-952B-4078-9337-8BE32DCEECC8}.Debug|x86.Build.0 = Debug|Any CPU
		{9443DB84-952B-4078-9337-8BE32DCEECC8}.Release|Any CPU.ActiveCfg = Release|Any CPU
		{9443DB84-952B-4078-9337-8BE32DCEECC8}.Release|Any CPU.Build.0 = Release|Any CPU
		{9443DB84-952B-4078-9337-8BE32DCEECC8}.Release|x64.ActiveCfg = Release|Any CPU
		{9443DB84-952B-4078-9337-8BE32DCEECC8}.Release|x64.Build.0 = Release|Any CPU
		{9443DB84-952B-4078-9337-8BE32DCEECC8}.Release|x86.ActiveCfg = Release|Any CPU
		{9443DB84-952B-4078-9337-8BE32DCEECC8}.Release|x86.Build.0 = Release|Any CPU
		{75B20681-1323-4E76-A789-68E034011C65}.Debug|Any CPU.ActiveCfg = Debug|Any CPU
		{75B20681-1323-4E76-A789-68E034011C65}.Debug|Any CPU.Build.0 = Debug|Any CPU
		{75B20681-1323-4E76-A789-68E034011C65}.Debug|x64.ActiveCfg = Debug|Any CPU
		{75B20681-1323-4E76-A789-68E034011C65}.Debug|x64.Build.0 = Debug|Any CPU
		{75B20681-1323-4E76-A789-68E034011C65}.Debug|x86.ActiveCfg = Debug|Any CPU
		{75B20681-1323-4E76-A789-68E034011C65}.Debug|x86.Build.0 = Debug|Any CPU
		{75B20681-1323-4E76-A789-68E034011C65}.Release|Any CPU.ActiveCfg = Release|Any CPU
		{75B20681-1323-4E76-A789-68E034011C65}.Release|Any CPU.Build.0 = Release|Any CPU
		{75B20681-1323-4E76-A789-68E034011C65}.Release|x64.ActiveCfg = Release|Any CPU
		{75B20681-1323-4E76-A789-68E034011C65}.Release|x64.Build.0 = Release|Any CPU
		{75B20681-1323-4E76-A789-68E034011C65}.Release|x86.ActiveCfg = Release|Any CPU
		{75B20681-1323-4E76-A789-68E034011C65}.Release|x86.Build.0 = Release|Any CPU
		{24D8DF6D-7131-4C31-A9C0-733411288250}.Debug|Any CPU.ActiveCfg = Debug|Any CPU
		{24D8DF6D-7131-4C31-A9C0-733411288250}.Debug|Any CPU.Build.0 = Debug|Any CPU
		{24D8DF6D-7131-4C31-A9C0-733411288250}.Debug|x64.ActiveCfg = Debug|Any CPU
		{24D8DF6D-7131-4C31-A9C0-733411288250}.Debug|x64.Build.0 = Debug|Any CPU
		{24D8DF6D-7131-4C31-A9C0-733411288250}.Debug|x86.ActiveCfg = Debug|Any CPU
		{24D8DF6D-7131-4C31-A9C0-733411288250}.Debug|x86.Build.0 = Debug|Any CPU
		{24D8DF6D-7131-4C31-A9C0-733411288250}.Release|Any CPU.ActiveCfg = Release|Any CPU
		{24D8DF6D-7131-4C31-A9C0-733411288250}.Release|Any CPU.Build.0 = Release|Any CPU
		{24D8DF6D-7131-4C31-A9C0-733411288250}.Release|x64.ActiveCfg = Release|Any CPU
		{24D8DF6D-7131-4C31-A9C0-733411288250}.Release|x64.Build.0 = Release|Any CPU
		{24D8DF6D-7131-4C31-A9C0-733411288250}.Release|x86.ActiveCfg = Release|Any CPU
		{24D8DF6D-7131-4C31-A9C0-733411288250}.Release|x86.Build.0 = Release|Any CPU
		{348EEA96-FB30-45D5-A262-8C35B26C24CA}.Debug|Any CPU.ActiveCfg = Debug|Any CPU
		{348EEA96-FB30-45D5-A262-8C35B26C24CA}.Debug|Any CPU.Build.0 = Debug|Any CPU
		{348EEA96-FB30-45D5-A262-8C35B26C24CA}.Debug|x64.ActiveCfg = Debug|Any CPU
		{348EEA96-FB30-45D5-A262-8C35B26C24CA}.Debug|x64.Build.0 = Debug|Any CPU
		{348EEA96-FB30-45D5-A262-8C35B26C24CA}.Debug|x86.ActiveCfg = Debug|Any CPU
		{348EEA96-FB30-45D5-A262-8C35B26C24CA}.Debug|x86.Build.0 = Debug|Any CPU
		{348EEA96-FB30-45D5-A262-8C35B26C24CA}.Release|Any CPU.ActiveCfg = Release|Any CPU
		{348EEA96-FB30-45D5-A262-8C35B26C24CA}.Release|Any CPU.Build.0 = Release|Any CPU
		{348EEA96-FB30-45D5-A262-8C35B26C24CA}.Release|x64.ActiveCfg = Release|Any CPU
		{348EEA96-FB30-45D5-A262-8C35B26C24CA}.Release|x64.Build.0 = Release|Any CPU
		{348EEA96-FB30-45D5-A262-8C35B26C24CA}.Release|x86.ActiveCfg = Release|Any CPU
		{348EEA96-FB30-45D5-A262-8C35B26C24CA}.Release|x86.Build.0 = Release|Any CPU
		{3AF63292-319C-44A6-8947-22867CBDCCFE}.Debug|Any CPU.ActiveCfg = Debug|Any CPU
		{3AF63292-319C-44A6-8947-22867CBDCCFE}.Debug|Any CPU.Build.0 = Debug|Any CPU
		{3AF63292-319C-44A6-8947-22867CBDCCFE}.Debug|x64.ActiveCfg = Debug|Any CPU
		{3AF63292-319C-44A6-8947-22867CBDCCFE}.Debug|x64.Build.0 = Debug|Any CPU
		{3AF63292-319C-44A6-8947-22867CBDCCFE}.Debug|x86.ActiveCfg = Debug|Any CPU
		{3AF63292-319C-44A6-8947-22867CBDCCFE}.Debug|x86.Build.0 = Debug|Any CPU
		{3AF63292-319C-44A6-8947-22867CBDCCFE}.Release|Any CPU.ActiveCfg = Release|Any CPU
		{3AF63292-319C-44A6-8947-22867CBDCCFE}.Release|Any CPU.Build.0 = Release|Any CPU
		{3AF63292-319C-44A6-8947-22867CBDCCFE}.Release|x64.ActiveCfg = Release|Any CPU
		{3AF63292-319C-44A6-8947-22867CBDCCFE}.Release|x64.Build.0 = Release|Any CPU
		{3AF63292-319C-44A6-8947-22867CBDCCFE}.Release|x86.ActiveCfg = Release|Any CPU
		{3AF63292-319C-44A6-8947-22867CBDCCFE}.Release|x86.Build.0 = Release|Any CPU
		{5E2C1532-11A8-4B3D-A62F-0353D0176F78}.Debug|Any CPU.ActiveCfg = Debug|Any CPU
		{5E2C1532-11A8-4B3D-A62F-0353D0176F78}.Debug|Any CPU.Build.0 = Debug|Any CPU
		{5E2C1532-11A8-4B3D-A62F-0353D0176F78}.Debug|x64.ActiveCfg = Debug|Any CPU
		{5E2C1532-11A8-4B3D-A62F-0353D0176F78}.Debug|x64.Build.0 = Debug|Any CPU
		{5E2C1532-11A8-4B3D-A62F-0353D0176F78}.Debug|x86.ActiveCfg = Debug|Any CPU
		{5E2C1532-11A8-4B3D-A62F-0353D0176F78}.Debug|x86.Build.0 = Debug|Any CPU
		{5E2C1532-11A8-4B3D-A62F-0353D0176F78}.Release|Any CPU.ActiveCfg = Release|Any CPU
		{5E2C1532-11A8-4B3D-A62F-0353D0176F78}.Release|Any CPU.Build.0 = Release|Any CPU
		{5E2C1532-11A8-4B3D-A62F-0353D0176F78}.Release|x64.ActiveCfg = Release|Any CPU
		{5E2C1532-11A8-4B3D-A62F-0353D0176F78}.Release|x64.Build.0 = Release|Any CPU
		{5E2C1532-11A8-4B3D-A62F-0353D0176F78}.Release|x86.ActiveCfg = Release|Any CPU
		{5E2C1532-11A8-4B3D-A62F-0353D0176F78}.Release|x86.Build.0 = Release|Any CPU
		{6A1F427A-69D7-492A-9553-F08FFDE788A3}.Debug|Any CPU.ActiveCfg = Debug|Any CPU
		{6A1F427A-69D7-492A-9553-F08FFDE788A3}.Debug|Any CPU.Build.0 = Debug|Any CPU
		{6A1F427A-69D7-492A-9553-F08FFDE788A3}.Debug|x64.ActiveCfg = Debug|Any CPU
		{6A1F427A-69D7-492A-9553-F08FFDE788A3}.Debug|x64.Build.0 = Debug|Any CPU
		{6A1F427A-69D7-492A-9553-F08FFDE788A3}.Debug|x86.ActiveCfg = Debug|Any CPU
		{6A1F427A-69D7-492A-9553-F08FFDE788A3}.Debug|x86.Build.0 = Debug|Any CPU
		{6A1F427A-69D7-492A-9553-F08FFDE788A3}.Release|Any CPU.ActiveCfg = Release|Any CPU
		{6A1F427A-69D7-492A-9553-F08FFDE788A3}.Release|Any CPU.Build.0 = Release|Any CPU
		{6A1F427A-69D7-492A-9553-F08FFDE788A3}.Release|x64.ActiveCfg = Release|Any CPU
		{6A1F427A-69D7-492A-9553-F08FFDE788A3}.Release|x64.Build.0 = Release|Any CPU
		{6A1F427A-69D7-492A-9553-F08FFDE788A3}.Release|x86.ActiveCfg = Release|Any CPU
		{6A1F427A-69D7-492A-9553-F08FFDE788A3}.Release|x86.Build.0 = Release|Any CPU
		{CF468BAF-AD20-4715-967F-7D9D94A827B5}.Debug|Any CPU.ActiveCfg = Debug|Any CPU
		{CF468BAF-AD20-4715-967F-7D9D94A827B5}.Debug|Any CPU.Build.0 = Debug|Any CPU
		{CF468BAF-AD20-4715-967F-7D9D94A827B5}.Debug|x64.ActiveCfg = Debug|Any CPU
		{CF468BAF-AD20-4715-967F-7D9D94A827B5}.Debug|x64.Build.0 = Debug|Any CPU
		{CF468BAF-AD20-4715-967F-7D9D94A827B5}.Debug|x86.ActiveCfg = Debug|Any CPU
		{CF468BAF-AD20-4715-967F-7D9D94A827B5}.Debug|x86.Build.0 = Debug|Any CPU
		{CF468BAF-AD20-4715-967F-7D9D94A827B5}.Release|Any CPU.ActiveCfg = Release|Any CPU
		{CF468BAF-AD20-4715-967F-7D9D94A827B5}.Release|Any CPU.Build.0 = Release|Any CPU
		{CF468BAF-AD20-4715-967F-7D9D94A827B5}.Release|x64.ActiveCfg = Release|Any CPU
		{CF468BAF-AD20-4715-967F-7D9D94A827B5}.Release|x64.Build.0 = Release|Any CPU
		{CF468BAF-AD20-4715-967F-7D9D94A827B5}.Release|x86.ActiveCfg = Release|Any CPU
		{CF468BAF-AD20-4715-967F-7D9D94A827B5}.Release|x86.Build.0 = Release|Any CPU
		{9B402CE0-508D-4748-A4EE-1DD5D48D04C6}.Debug|Any CPU.ActiveCfg = Debug|Any CPU
		{9B402CE0-508D-4748-A4EE-1DD5D48D04C6}.Debug|Any CPU.Build.0 = Debug|Any CPU
		{9B402CE0-508D-4748-A4EE-1DD5D48D04C6}.Debug|x64.ActiveCfg = Debug|Any CPU
		{9B402CE0-508D-4748-A4EE-1DD5D48D04C6}.Debug|x64.Build.0 = Debug|Any CPU
		{9B402CE0-508D-4748-A4EE-1DD5D48D04C6}.Debug|x86.ActiveCfg = Debug|Any CPU
		{9B402CE0-508D-4748-A4EE-1DD5D48D04C6}.Debug|x86.Build.0 = Debug|Any CPU
		{9B402CE0-508D-4748-A4EE-1DD5D48D04C6}.Release|Any CPU.ActiveCfg = Release|Any CPU
		{9B402CE0-508D-4748-A4EE-1DD5D48D04C6}.Release|Any CPU.Build.0 = Release|Any CPU
		{9B402CE0-508D-4748-A4EE-1DD5D48D04C6}.Release|x64.ActiveCfg = Release|Any CPU
		{9B402CE0-508D-4748-A4EE-1DD5D48D04C6}.Release|x64.Build.0 = Release|Any CPU
		{9B402CE0-508D-4748-A4EE-1DD5D48D04C6}.Release|x86.ActiveCfg = Release|Any CPU
		{9B402CE0-508D-4748-A4EE-1DD5D48D04C6}.Release|x86.Build.0 = Release|Any CPU
		{6328945F-7BCD-44DB-BE56-B4144FF52F96}.Debug|Any CPU.ActiveCfg = Debug|Any CPU
		{6328945F-7BCD-44DB-BE56-B4144FF52F96}.Debug|Any CPU.Build.0 = Debug|Any CPU
		{6328945F-7BCD-44DB-BE56-B4144FF52F96}.Debug|x64.ActiveCfg = Debug|Any CPU
		{6328945F-7BCD-44DB-BE56-B4144FF52F96}.Debug|x64.Build.0 = Debug|Any CPU
		{6328945F-7BCD-44DB-BE56-B4144FF52F96}.Debug|x86.ActiveCfg = Debug|Any CPU
		{6328945F-7BCD-44DB-BE56-B4144FF52F96}.Debug|x86.Build.0 = Debug|Any CPU
		{6328945F-7BCD-44DB-BE56-B4144FF52F96}.Release|Any CPU.ActiveCfg = Release|Any CPU
		{6328945F-7BCD-44DB-BE56-B4144FF52F96}.Release|Any CPU.Build.0 = Release|Any CPU
		{6328945F-7BCD-44DB-BE56-B4144FF52F96}.Release|x64.ActiveCfg = Release|Any CPU
		{6328945F-7BCD-44DB-BE56-B4144FF52F96}.Release|x64.Build.0 = Release|Any CPU
		{6328945F-7BCD-44DB-BE56-B4144FF52F96}.Release|x86.ActiveCfg = Release|Any CPU
		{6328945F-7BCD-44DB-BE56-B4144FF52F96}.Release|x86.Build.0 = Release|Any CPU
		{4958B9EF-23B5-44F7-93B3-838CA4A6D105}.Debug|Any CPU.ActiveCfg = Debug|Any CPU
		{4958B9EF-23B5-44F7-93B3-838CA4A6D105}.Debug|Any CPU.Build.0 = Debug|Any CPU
		{4958B9EF-23B5-44F7-93B3-838CA4A6D105}.Debug|x64.ActiveCfg = Debug|Any CPU
		{4958B9EF-23B5-44F7-93B3-838CA4A6D105}.Debug|x64.Build.0 = Debug|Any CPU
		{4958B9EF-23B5-44F7-93B3-838CA4A6D105}.Debug|x86.ActiveCfg = Debug|Any CPU
		{4958B9EF-23B5-44F7-93B3-838CA4A6D105}.Debug|x86.Build.0 = Debug|Any CPU
		{4958B9EF-23B5-44F7-93B3-838CA4A6D105}.Release|Any CPU.ActiveCfg = Release|Any CPU
		{4958B9EF-23B5-44F7-93B3-838CA4A6D105}.Release|Any CPU.Build.0 = Release|Any CPU
		{4958B9EF-23B5-44F7-93B3-838CA4A6D105}.Release|x64.ActiveCfg = Release|Any CPU
		{4958B9EF-23B5-44F7-93B3-838CA4A6D105}.Release|x64.Build.0 = Release|Any CPU
		{4958B9EF-23B5-44F7-93B3-838CA4A6D105}.Release|x86.ActiveCfg = Release|Any CPU
		{4958B9EF-23B5-44F7-93B3-838CA4A6D105}.Release|x86.Build.0 = Release|Any CPU
		{1C821C91-1D19-494C-97EA-98D03FF15E13}.Debug|Any CPU.ActiveCfg = Debug|Any CPU
		{1C821C91-1D19-494C-97EA-98D03FF15E13}.Debug|Any CPU.Build.0 = Debug|Any CPU
		{1C821C91-1D19-494C-97EA-98D03FF15E13}.Debug|x64.ActiveCfg = Debug|Any CPU
		{1C821C91-1D19-494C-97EA-98D03FF15E13}.Debug|x64.Build.0 = Debug|Any CPU
		{1C821C91-1D19-494C-97EA-98D03FF15E13}.Debug|x86.ActiveCfg = Debug|Any CPU
		{1C821C91-1D19-494C-97EA-98D03FF15E13}.Debug|x86.Build.0 = Debug|Any CPU
		{1C821C91-1D19-494C-97EA-98D03FF15E13}.Release|Any CPU.ActiveCfg = Release|Any CPU
		{1C821C91-1D19-494C-97EA-98D03FF15E13}.Release|Any CPU.Build.0 = Release|Any CPU
		{1C821C91-1D19-494C-97EA-98D03FF15E13}.Release|x64.ActiveCfg = Release|Any CPU
		{1C821C91-1D19-494C-97EA-98D03FF15E13}.Release|x64.Build.0 = Release|Any CPU
		{1C821C91-1D19-494C-97EA-98D03FF15E13}.Release|x86.ActiveCfg = Release|Any CPU
		{1C821C91-1D19-494C-97EA-98D03FF15E13}.Release|x86.Build.0 = Release|Any CPU
		{86EF1FC9-5CE3-47D0-9E71-1C31EADAE6F2}.Debug|Any CPU.ActiveCfg = Debug|Any CPU
		{86EF1FC9-5CE3-47D0-9E71-1C31EADAE6F2}.Debug|Any CPU.Build.0 = Debug|Any CPU
		{86EF1FC9-5CE3-47D0-9E71-1C31EADAE6F2}.Debug|x64.ActiveCfg = Debug|Any CPU
		{86EF1FC9-5CE3-47D0-9E71-1C31EADAE6F2}.Debug|x64.Build.0 = Debug|Any CPU
		{86EF1FC9-5CE3-47D0-9E71-1C31EADAE6F2}.Debug|x86.ActiveCfg = Debug|Any CPU
		{86EF1FC9-5CE3-47D0-9E71-1C31EADAE6F2}.Debug|x86.Build.0 = Debug|Any CPU
		{86EF1FC9-5CE3-47D0-9E71-1C31EADAE6F2}.Release|Any CPU.ActiveCfg = Release|Any CPU
		{86EF1FC9-5CE3-47D0-9E71-1C31EADAE6F2}.Release|Any CPU.Build.0 = Release|Any CPU
		{86EF1FC9-5CE3-47D0-9E71-1C31EADAE6F2}.Release|x64.ActiveCfg = Release|Any CPU
		{86EF1FC9-5CE3-47D0-9E71-1C31EADAE6F2}.Release|x64.Build.0 = Release|Any CPU
		{86EF1FC9-5CE3-47D0-9E71-1C31EADAE6F2}.Release|x86.ActiveCfg = Release|Any CPU
		{86EF1FC9-5CE3-47D0-9E71-1C31EADAE6F2}.Release|x86.Build.0 = Release|Any CPU
		{AA2D32ED-D6A9-496A-B3A4-59B4A43CB5AA}.Debug|Any CPU.ActiveCfg = Debug|Any CPU
		{AA2D32ED-D6A9-496A-B3A4-59B4A43CB5AA}.Debug|Any CPU.Build.0 = Debug|Any CPU
		{AA2D32ED-D6A9-496A-B3A4-59B4A43CB5AA}.Debug|x64.ActiveCfg = Debug|Any CPU
		{AA2D32ED-D6A9-496A-B3A4-59B4A43CB5AA}.Debug|x64.Build.0 = Debug|Any CPU
		{AA2D32ED-D6A9-496A-B3A4-59B4A43CB5AA}.Debug|x86.ActiveCfg = Debug|Any CPU
		{AA2D32ED-D6A9-496A-B3A4-59B4A43CB5AA}.Debug|x86.Build.0 = Debug|Any CPU
		{AA2D32ED-D6A9-496A-B3A4-59B4A43CB5AA}.Release|Any CPU.ActiveCfg = Release|Any CPU
		{AA2D32ED-D6A9-496A-B3A4-59B4A43CB5AA}.Release|Any CPU.Build.0 = Release|Any CPU
		{AA2D32ED-D6A9-496A-B3A4-59B4A43CB5AA}.Release|x64.ActiveCfg = Release|Any CPU
		{AA2D32ED-D6A9-496A-B3A4-59B4A43CB5AA}.Release|x64.Build.0 = Release|Any CPU
		{AA2D32ED-D6A9-496A-B3A4-59B4A43CB5AA}.Release|x86.ActiveCfg = Release|Any CPU
		{AA2D32ED-D6A9-496A-B3A4-59B4A43CB5AA}.Release|x86.Build.0 = Release|Any CPU
		{033BE48E-20CC-4761-B404-71068F1D1D78}.Debug|Any CPU.ActiveCfg = Debug|Any CPU
		{033BE48E-20CC-4761-B404-71068F1D1D78}.Debug|Any CPU.Build.0 = Debug|Any CPU
		{033BE48E-20CC-4761-B404-71068F1D1D78}.Debug|x64.ActiveCfg = Debug|Any CPU
		{033BE48E-20CC-4761-B404-71068F1D1D78}.Debug|x64.Build.0 = Debug|Any CPU
		{033BE48E-20CC-4761-B404-71068F1D1D78}.Debug|x86.ActiveCfg = Debug|Any CPU
		{033BE48E-20CC-4761-B404-71068F1D1D78}.Debug|x86.Build.0 = Debug|Any CPU
		{033BE48E-20CC-4761-B404-71068F1D1D78}.Release|Any CPU.ActiveCfg = Release|Any CPU
		{033BE48E-20CC-4761-B404-71068F1D1D78}.Release|Any CPU.Build.0 = Release|Any CPU
		{033BE48E-20CC-4761-B404-71068F1D1D78}.Release|x64.ActiveCfg = Release|Any CPU
		{033BE48E-20CC-4761-B404-71068F1D1D78}.Release|x64.Build.0 = Release|Any CPU
		{033BE48E-20CC-4761-B404-71068F1D1D78}.Release|x86.ActiveCfg = Release|Any CPU
		{033BE48E-20CC-4761-B404-71068F1D1D78}.Release|x86.Build.0 = Release|Any CPU
		{0C21920E-30A7-4F3F-AAB1-750D6CD01B4F}.Debug|Any CPU.ActiveCfg = Debug|Any CPU
		{0C21920E-30A7-4F3F-AAB1-750D6CD01B4F}.Debug|Any CPU.Build.0 = Debug|Any CPU
		{0C21920E-30A7-4F3F-AAB1-750D6CD01B4F}.Debug|x64.ActiveCfg = Debug|Any CPU
		{0C21920E-30A7-4F3F-AAB1-750D6CD01B4F}.Debug|x64.Build.0 = Debug|Any CPU
		{0C21920E-30A7-4F3F-AAB1-750D6CD01B4F}.Debug|x86.ActiveCfg = Debug|Any CPU
		{0C21920E-30A7-4F3F-AAB1-750D6CD01B4F}.Debug|x86.Build.0 = Debug|Any CPU
		{0C21920E-30A7-4F3F-AAB1-750D6CD01B4F}.Release|Any CPU.ActiveCfg = Release|Any CPU
		{0C21920E-30A7-4F3F-AAB1-750D6CD01B4F}.Release|Any CPU.Build.0 = Release|Any CPU
		{0C21920E-30A7-4F3F-AAB1-750D6CD01B4F}.Release|x64.ActiveCfg = Release|Any CPU
		{0C21920E-30A7-4F3F-AAB1-750D6CD01B4F}.Release|x64.Build.0 = Release|Any CPU
		{0C21920E-30A7-4F3F-AAB1-750D6CD01B4F}.Release|x86.ActiveCfg = Release|Any CPU
		{0C21920E-30A7-4F3F-AAB1-750D6CD01B4F}.Release|x86.Build.0 = Release|Any CPU
		{E1CE9478-0DF2-4A7B-A689-A4F699C910DB}.Debug|Any CPU.ActiveCfg = Debug|Any CPU
		{E1CE9478-0DF2-4A7B-A689-A4F699C910DB}.Debug|Any CPU.Build.0 = Debug|Any CPU
		{E1CE9478-0DF2-4A7B-A689-A4F699C910DB}.Debug|x64.ActiveCfg = Debug|Any CPU
		{E1CE9478-0DF2-4A7B-A689-A4F699C910DB}.Debug|x64.Build.0 = Debug|Any CPU
		{E1CE9478-0DF2-4A7B-A689-A4F699C910DB}.Debug|x86.ActiveCfg = Debug|Any CPU
		{E1CE9478-0DF2-4A7B-A689-A4F699C910DB}.Debug|x86.Build.0 = Debug|Any CPU
		{E1CE9478-0DF2-4A7B-A689-A4F699C910DB}.Release|Any CPU.ActiveCfg = Release|Any CPU
		{E1CE9478-0DF2-4A7B-A689-A4F699C910DB}.Release|Any CPU.Build.0 = Release|Any CPU
		{E1CE9478-0DF2-4A7B-A689-A4F699C910DB}.Release|x64.ActiveCfg = Release|Any CPU
		{E1CE9478-0DF2-4A7B-A689-A4F699C910DB}.Release|x64.Build.0 = Release|Any CPU
		{E1CE9478-0DF2-4A7B-A689-A4F699C910DB}.Release|x86.ActiveCfg = Release|Any CPU
		{E1CE9478-0DF2-4A7B-A689-A4F699C910DB}.Release|x86.Build.0 = Release|Any CPU
	EndGlobalSection
EndGlobal
